// !$*UTF8*$!
{
	archiveVersion = 1;
	classes = {
	};
	objectVersion = 46;
	objects = {

/* Begin PBXBuildFile section */
		0B697F6B1EC863C300367B67 /* AppDelegate.swift in Sources */ = {isa = PBXBuildFile; fileRef = 0B697F6A1EC863C300367B67 /* AppDelegate.swift */; };
		0B697F6D1EC863C300367B67 /* ViewController.swift in Sources */ = {isa = PBXBuildFile; fileRef = 0B697F6C1EC863C300367B67 /* ViewController.swift */; };
		0B697F701EC863C300367B67 /* Main.storyboard in Resources */ = {isa = PBXBuildFile; fileRef = 0B697F6E1EC863C300367B67 /* Main.storyboard */; };
		0B697F721EC863C300367B67 /* Assets.xcassets in Resources */ = {isa = PBXBuildFile; fileRef = 0B697F711EC863C300367B67 /* Assets.xcassets */; };
		0B697F751EC863C300367B67 /* LaunchScreen.storyboard in Resources */ = {isa = PBXBuildFile; fileRef = 0B697F731EC863C300367B67 /* LaunchScreen.storyboard */; };
		0B697F801EC863C300367B67 /* DestroyTheWorldTests.swift in Sources */ = {isa = PBXBuildFile; fileRef = 0B697F7F1EC863C300367B67 /* DestroyTheWorldTests.swift */; };
		0B697F8B1EC863C300367B67 /* DestroyTheWorldUITests.swift in Sources */ = {isa = PBXBuildFile; fileRef = 0B697F8A1EC863C300367B67 /* DestroyTheWorldUITests.swift */; };
/* End PBXBuildFile section */

/* Begin PBXContainerItemProxy section */
		0B697F7C1EC863C300367B67 /* PBXContainerItemProxy */ = {
			isa = PBXContainerItemProxy;
			containerPortal = 0B697F5F1EC863C300367B67 /* Project object */;
			proxyType = 1;
			remoteGlobalIDString = 0B697F661EC863C300367B67;
			remoteInfo = DestroyTheWorld;
		};
		0B697F871EC863C300367B67 /* PBXContainerItemProxy */ = {
			isa = PBXContainerItemProxy;
			containerPortal = 0B697F5F1EC863C300367B67 /* Project object */;
			proxyType = 1;
			remoteGlobalIDString = 0B697F661EC863C300367B67;
			remoteInfo = DestroyTheWorld;
		};
/* End PBXContainerItemProxy section */

/* Begin PBXFileReference section */
		0B697F671EC863C300367B67 /* DestroyTheWorld.app */ = {isa = PBXFileReference; explicitFileType = wrapper.application; includeInIndex = 0; path = DestroyTheWorld.app; sourceTree = BUILT_PRODUCTS_DIR; };
		0B697F6A1EC863C300367B67 /* AppDelegate.swift */ = {isa = PBXFileReference; lastKnownFileType = sourcecode.swift; path = AppDelegate.swift; sourceTree = "<group>"; };
		0B697F6C1EC863C300367B67 /* ViewController.swift */ = {isa = PBXFileReference; lastKnownFileType = sourcecode.swift; path = ViewController.swift; sourceTree = "<group>"; };
		0B697F6F1EC863C300367B67 /* Base */ = {isa = PBXFileReference; lastKnownFileType = file.storyboard; name = Base; path = Base.lproj/Main.storyboard; sourceTree = "<group>"; };
		0B697F711EC863C300367B67 /* Assets.xcassets */ = {isa = PBXFileReference; lastKnownFileType = folder.assetcatalog; path = Assets.xcassets; sourceTree = "<group>"; };
		0B697F741EC863C300367B67 /* Base */ = {isa = PBXFileReference; lastKnownFileType = file.storyboard; name = Base; path = Base.lproj/LaunchScreen.storyboard; sourceTree = "<group>"; };
		0B697F761EC863C300367B67 /* Info.plist */ = {isa = PBXFileReference; lastKnownFileType = text.plist.xml; path = Info.plist; sourceTree = "<group>"; };
		0B697F7B1EC863C300367B67 /* DestroyTheWorldTests.xctest */ = {isa = PBXFileReference; explicitFileType = wrapper.cfbundle; includeInIndex = 0; path = DestroyTheWorldTests.xctest; sourceTree = BUILT_PRODUCTS_DIR; };
		0B697F7F1EC863C300367B67 /* DestroyTheWorldTests.swift */ = {isa = PBXFileReference; lastKnownFileType = sourcecode.swift; path = DestroyTheWorldTests.swift; sourceTree = "<group>"; };
		0B697F811EC863C300367B67 /* Info.plist */ = {isa = PBXFileReference; lastKnownFileType = text.plist.xml; path = Info.plist; sourceTree = "<group>"; };
		0B697F861EC863C300367B67 /* DestroyTheWorldUITests.xctest */ = {isa = PBXFileReference; explicitFileType = wrapper.cfbundle; includeInIndex = 0; path = DestroyTheWorldUITests.xctest; sourceTree = BUILT_PRODUCTS_DIR; };
		0B697F8A1EC863C300367B67 /* DestroyTheWorldUITests.swift */ = {isa = PBXFileReference; lastKnownFileType = sourcecode.swift; path = DestroyTheWorldUITests.swift; sourceTree = "<group>"; };
		0B697F8C1EC863C300367B67 /* Info.plist */ = {isa = PBXFileReference; lastKnownFileType = text.plist.xml; path = Info.plist; sourceTree = "<group>"; };
/* End PBXFileReference section */

/* Begin PBXFrameworksBuildPhase section */
		0B697F641EC863C300367B67 /* Frameworks */ = {
			isa = PBXFrameworksBuildPhase;
			buildActionMask = 2147483647;
			files = (
			);
			runOnlyForDeploymentPostprocessing = 0;
		};
		0B697F781EC863C300367B67 /* Frameworks */ = {
			isa = PBXFrameworksBuildPhase;
			buildActionMask = 2147483647;
			files = (
			);
			runOnlyForDeploymentPostprocessing = 0;
		};
		0B697F831EC863C300367B67 /* Frameworks */ = {
			isa = PBXFrameworksBuildPhase;
			buildActionMask = 2147483647;
			files = (
			);
			runOnlyForDeploymentPostprocessing = 0;
		};
/* End PBXFrameworksBuildPhase section */

/* Begin PBXGroup section */
		0B697F5E1EC863C300367B67 = {
			isa = PBXGroup;
			children = (
				0B697F691EC863C300367B67 /* DestroyTheWorld */,
				0B697F7E1EC863C300367B67 /* DestroyTheWorldTests */,
				0B697F891EC863C300367B67 /* DestroyTheWorldUITests */,
				0B697F681EC863C300367B67 /* Products */,
			);
			sourceTree = "<group>";
		};
		0B697F681EC863C300367B67 /* Products */ = {
			isa = PBXGroup;
			children = (
				0B697F671EC863C300367B67 /* DestroyTheWorld.app */,
				0B697F7B1EC863C300367B67 /* DestroyTheWorldTests.xctest */,
				0B697F861EC863C300367B67 /* DestroyTheWorldUITests.xctest */,
			);
			name = Products;
			sourceTree = "<group>";
		};
		0B697F691EC863C300367B67 /* DestroyTheWorld */ = {
			isa = PBXGroup;
			children = (
				0B697F6A1EC863C300367B67 /* AppDelegate.swift */,
				0B697F6C1EC863C300367B67 /* ViewController.swift */,
				0B697F6E1EC863C300367B67 /* Main.storyboard */,
				0B697F711EC863C300367B67 /* Assets.xcassets */,
				0B697F731EC863C300367B67 /* LaunchScreen.storyboard */,
				0B697F761EC863C300367B67 /* Info.plist */,
			);
			path = DestroyTheWorld;
			sourceTree = "<group>";
		};
		0B697F7E1EC863C300367B67 /* DestroyTheWorldTests */ = {
			isa = PBXGroup;
			children = (
				0B697F7F1EC863C300367B67 /* DestroyTheWorldTests.swift */,
				0B697F811EC863C300367B67 /* Info.plist */,
			);
			path = DestroyTheWorldTests;
			sourceTree = "<group>";
		};
		0B697F891EC863C300367B67 /* DestroyTheWorldUITests */ = {
			isa = PBXGroup;
			children = (
				0B697F8A1EC863C300367B67 /* DestroyTheWorldUITests.swift */,
				0B697F8C1EC863C300367B67 /* Info.plist */,
			);
			path = DestroyTheWorldUITests;
			sourceTree = "<group>";
		};
/* End PBXGroup section */

/* Begin PBXNativeTarget section */
		0B697F661EC863C300367B67 /* DestroyTheWorld */ = {
			isa = PBXNativeTarget;
			buildConfigurationList = 0B697F8F1EC863C300367B67 /* Build configuration list for PBXNativeTarget "DestroyTheWorld" */;
			buildPhases = (
				0B697F631EC863C300367B67 /* Sources */,
				0B697F641EC863C300367B67 /* Frameworks */,
				0B697F651EC863C300367B67 /* Resources */,
			);
			buildRules = (
			);
			dependencies = (
			);
			name = DestroyTheWorld;
			productName = DestroyTheWorld;
			productReference = 0B697F671EC863C300367B67 /* DestroyTheWorld.app */;
			productType = "com.apple.product-type.application";
		};
		0B697F7A1EC863C300367B67 /* DestroyTheWorldTests */ = {
			isa = PBXNativeTarget;
			buildConfigurationList = 0B697F921EC863C300367B67 /* Build configuration list for PBXNativeTarget "DestroyTheWorldTests" */;
			buildPhases = (
				0B697F771EC863C300367B67 /* Sources */,
				0B697F781EC863C300367B67 /* Frameworks */,
				0B697F791EC863C300367B67 /* Resources */,
			);
			buildRules = (
			);
			dependencies = (
				0B697F7D1EC863C300367B67 /* PBXTargetDependency */,
			);
			name = DestroyTheWorldTests;
			productName = DestroyTheWorldTests;
			productReference = 0B697F7B1EC863C300367B67 /* DestroyTheWorldTests.xctest */;
			productType = "com.apple.product-type.bundle.unit-test";
		};
		0B697F851EC863C300367B67 /* DestroyTheWorldUITests */ = {
			isa = PBXNativeTarget;
			buildConfigurationList = 0B697F951EC863C300367B67 /* Build configuration list for PBXNativeTarget "DestroyTheWorldUITests" */;
			buildPhases = (
				0B697F821EC863C300367B67 /* Sources */,
				0B697F831EC863C300367B67 /* Frameworks */,
				0B697F841EC863C300367B67 /* Resources */,
			);
			buildRules = (
			);
			dependencies = (
				0B697F881EC863C300367B67 /* PBXTargetDependency */,
			);
			name = DestroyTheWorldUITests;
			productName = DestroyTheWorldUITests;
			productReference = 0B697F861EC863C300367B67 /* DestroyTheWorldUITests.xctest */;
			productType = "com.apple.product-type.bundle.ui-testing";
		};
/* End PBXNativeTarget section */

/* Begin PBXProject section */
		0B697F5F1EC863C300367B67 /* Project object */ = {
			isa = PBXProject;
			attributes = {
				LastSwiftUpdateCheck = 0830;
				LastUpgradeCheck = 0830;
				ORGANIZATIONNAME = "Jens Rieken";
				TargetAttributes = {
					0B697F661EC863C300367B67 = {
						CreatedOnToolsVersion = 8.3.2;
						DevelopmentTeam = 9VCS76GRPT;
						ProvisioningStyle = Automatic;
					};
					0B697F7A1EC863C300367B67 = {
						CreatedOnToolsVersion = 8.3.2;
						DevelopmentTeam = 9VCS76GRPT;
						ProvisioningStyle = Automatic;
						TestTargetID = 0B697F661EC863C300367B67;
					};
					0B697F851EC863C300367B67 = {
						CreatedOnToolsVersion = 8.3.2;
						DevelopmentTeam = 9VCS76GRPT;
						ProvisioningStyle = Automatic;
						TestTargetID = 0B697F661EC863C300367B67;
					};
				};
			};
			buildConfigurationList = 0B697F621EC863C300367B67 /* Build configuration list for PBXProject "DestroyTheWorld" */;
			compatibilityVersion = "Xcode 3.2";
			developmentRegion = English;
			hasScannedForEncodings = 0;
			knownRegions = (
				en,
				Base,
			);
			mainGroup = 0B697F5E1EC863C300367B67;
			productRefGroup = 0B697F681EC863C300367B67 /* Products */;
			projectDirPath = "";
			projectRoot = "";
			targets = (
				0B697F661EC863C300367B67 /* DestroyTheWorld */,
				0B697F7A1EC863C300367B67 /* DestroyTheWorldTests */,
				0B697F851EC863C300367B67 /* DestroyTheWorldUITests */,
			);
		};
/* End PBXProject section */

/* Begin PBXResourcesBuildPhase section */
		0B697F651EC863C300367B67 /* Resources */ = {
			isa = PBXResourcesBuildPhase;
			buildActionMask = 2147483647;
			files = (
				0B697F751EC863C300367B67 /* LaunchScreen.storyboard in Resources */,
				0B697F721EC863C300367B67 /* Assets.xcassets in Resources */,
				0B697F701EC863C300367B67 /* Main.storyboard in Resources */,
			);
			runOnlyForDeploymentPostprocessing = 0;
		};
		0B697F791EC863C300367B67 /* Resources */ = {
			isa = PBXResourcesBuildPhase;
			buildActionMask = 2147483647;
			files = (
			);
			runOnlyForDeploymentPostprocessing = 0;
		};
		0B697F841EC863C300367B67 /* Resources */ = {
			isa = PBXResourcesBuildPhase;
			buildActionMask = 2147483647;
			files = (
			);
			runOnlyForDeploymentPostprocessing = 0;
		};
/* End PBXResourcesBuildPhase section */

/* Begin PBXSourcesBuildPhase section */
		0B697F631EC863C300367B67 /* Sources */ = {
			isa = PBXSourcesBuildPhase;
			buildActionMask = 2147483647;
			files = (
				0B697F6D1EC863C300367B67 /* ViewController.swift in Sources */,
				0B697F6B1EC863C300367B67 /* AppDelegate.swift in Sources */,
			);
			runOnlyForDeploymentPostprocessing = 0;
		};
		0B697F771EC863C300367B67 /* Sources */ = {
			isa = PBXSourcesBuildPhase;
			buildActionMask = 2147483647;
			files = (
				0B697F801EC863C300367B67 /* DestroyTheWorldTests.swift in Sources */,
			);
			runOnlyForDeploymentPostprocessing = 0;
		};
		0B697F821EC863C300367B67 /* Sources */ = {
			isa = PBXSourcesBuildPhase;
			buildActionMask = 2147483647;
			files = (
				0B697F8B1EC863C300367B67 /* DestroyTheWorldUITests.swift in Sources */,
			);
			runOnlyForDeploymentPostprocessing = 0;
		};
/* End PBXSourcesBuildPhase section */

/* Begin PBXTargetDependency section */
		0B697F7D1EC863C300367B67 /* PBXTargetDependency */ = {
			isa = PBXTargetDependency;
			target = 0B697F661EC863C300367B67 /* DestroyTheWorld */;
			targetProxy = 0B697F7C1EC863C300367B67 /* PBXContainerItemProxy */;
		};
		0B697F881EC863C300367B67 /* PBXTargetDependency */ = {
			isa = PBXTargetDependency;
			target = 0B697F661EC863C300367B67 /* DestroyTheWorld */;
			targetProxy = 0B697F871EC863C300367B67 /* PBXContainerItemProxy */;
		};
/* End PBXTargetDependency section */

/* Begin PBXVariantGroup section */
		0B697F6E1EC863C300367B67 /* Main.storyboard */ = {
			isa = PBXVariantGroup;
			children = (
				0B697F6F1EC863C300367B67 /* Base */,
			);
			name = Main.storyboard;
			sourceTree = "<group>";
		};
		0B697F731EC863C300367B67 /* LaunchScreen.storyboard */ = {
			isa = PBXVariantGroup;
			children = (
				0B697F741EC863C300367B67 /* Base */,
			);
			name = LaunchScreen.storyboard;
			sourceTree = "<group>";
		};
/* End PBXVariantGroup section */

/* Begin XCBuildConfiguration section */
		0B697F8D1EC863C300367B67 /* Debug */ = {
			isa = XCBuildConfiguration;
			buildSettings = {
				ALWAYS_SEARCH_USER_PATHS = NO;
				CLANG_ANALYZER_NONNULL = YES;
				CLANG_ANALYZER_NUMBER_OBJECT_CONVERSION = YES_AGGRESSIVE;
				CLANG_CXX_LANGUAGE_STANDARD = "gnu++0x";
				CLANG_CXX_LIBRARY = "libc++";
				CLANG_ENABLE_MODULES = YES;
				CLANG_ENABLE_OBJC_ARC = YES;
				CLANG_WARN_BOOL_CONVERSION = YES;
				CLANG_WARN_CONSTANT_CONVERSION = YES;
				CLANG_WARN_DIRECT_OBJC_ISA_USAGE = YES_ERROR;
				CLANG_WARN_DOCUMENTATION_COMMENTS = YES;
				CLANG_WARN_EMPTY_BODY = YES;
				CLANG_WARN_ENUM_CONVERSION = YES;
				CLANG_WARN_INFINITE_RECURSION = YES;
				CLANG_WARN_INT_CONVERSION = YES;
				CLANG_WARN_OBJC_ROOT_CLASS = YES_ERROR;
				CLANG_WARN_SUSPICIOUS_MOVE = YES;
				CLANG_WARN_UNREACHABLE_CODE = YES;
				CLANG_WARN__DUPLICATE_METHOD_MATCH = YES;
				"CODE_SIGN_IDENTITY[sdk=iphoneos*]" = "iPhone Developer";
				COPY_PHASE_STRIP = NO;
				DEBUG_INFORMATION_FORMAT = dwarf;
				ENABLE_STRICT_OBJC_MSGSEND = YES;
				ENABLE_TESTABILITY = YES;
				GCC_C_LANGUAGE_STANDARD = gnu99;
				GCC_DYNAMIC_NO_PIC = NO;
				GCC_NO_COMMON_BLOCKS = YES;
				GCC_OPTIMIZATION_LEVEL = 0;
				GCC_PREPROCESSOR_DEFINITIONS = (
					"DEBUG=1",
					"$(inherited)",
				);
				GCC_WARN_64_TO_32_BIT_CONVERSION = YES;
				GCC_WARN_ABOUT_RETURN_TYPE = YES_ERROR;
				GCC_WARN_UNDECLARED_SELECTOR = YES;
				GCC_WARN_UNINITIALIZED_AUTOS = YES_AGGRESSIVE;
				GCC_WARN_UNUSED_FUNCTION = YES;
				GCC_WARN_UNUSED_VARIABLE = YES;
				IPHONEOS_DEPLOYMENT_TARGET = 10.3;
				MTL_ENABLE_DEBUG_INFO = YES;
				ONLY_ACTIVE_ARCH = YES;
				SDKROOT = iphoneos;
				SWIFT_ACTIVE_COMPILATION_CONDITIONS = DEBUG;
				SWIFT_OPTIMIZATION_LEVEL = "-Onone";
				TARGETED_DEVICE_FAMILY = "1,2";
			};
			name = Debug;
		};
		0B697F8E1EC863C300367B67 /* Release */ = {
			isa = XCBuildConfiguration;
			buildSettings = {
				ALWAYS_SEARCH_USER_PATHS = NO;
				CLANG_ANALYZER_NONNULL = YES;
				CLANG_ANALYZER_NUMBER_OBJECT_CONVERSION = YES_AGGRESSIVE;
				CLANG_CXX_LANGUAGE_STANDARD = "gnu++0x";
				CLANG_CXX_LIBRARY = "libc++";
				CLANG_ENABLE_MODULES = YES;
				CLANG_ENABLE_OBJC_ARC = YES;
				CLANG_WARN_BOOL_CONVERSION = YES;
				CLANG_WARN_CONSTANT_CONVERSION = YES;
				CLANG_WARN_DIRECT_OBJC_ISA_USAGE = YES_ERROR;
				CLANG_WARN_DOCUMENTATION_COMMENTS = YES;
				CLANG_WARN_EMPTY_BODY = YES;
				CLANG_WARN_ENUM_CONVERSION = YES;
				CLANG_WARN_INFINITE_RECURSION = YES;
				CLANG_WARN_INT_CONVERSION = YES;
				CLANG_WARN_OBJC_ROOT_CLASS = YES_ERROR;
				CLANG_WARN_SUSPICIOUS_MOVE = YES;
				CLANG_WARN_UNREACHABLE_CODE = YES;
				CLANG_WARN__DUPLICATE_METHOD_MATCH = YES;
				"CODE_SIGN_IDENTITY[sdk=iphoneos*]" = "iPhone Developer";
				COPY_PHASE_STRIP = NO;
				DEBUG_INFORMATION_FORMAT = "dwarf-with-dsym";
				ENABLE_NS_ASSERTIONS = NO;
				ENABLE_STRICT_OBJC_MSGSEND = YES;
				GCC_C_LANGUAGE_STANDARD = gnu99;
				GCC_NO_COMMON_BLOCKS = YES;
				GCC_WARN_64_TO_32_BIT_CONVERSION = YES;
				GCC_WARN_ABOUT_RETURN_TYPE = YES_ERROR;
				GCC_WARN_UNDECLARED_SELECTOR = YES;
				GCC_WARN_UNINITIALIZED_AUTOS = YES_AGGRESSIVE;
				GCC_WARN_UNUSED_FUNCTION = YES;
				GCC_WARN_UNUSED_VARIABLE = YES;
				IPHONEOS_DEPLOYMENT_TARGET = 10.3;
				MTL_ENABLE_DEBUG_INFO = NO;
				SDKROOT = iphoneos;
				SWIFT_OPTIMIZATION_LEVEL = "-Owholemodule";
				TARGETED_DEVICE_FAMILY = "1,2";
				VALIDATE_PRODUCT = YES;
			};
			name = Release;
		};
		0B697F901EC863C300367B67 /* Debug */ = {
			isa = XCBuildConfiguration;
			buildSettings = {
				ASSETCATALOG_COMPILER_APPICON_NAME = AppIcon;
				DEVELOPMENT_TEAM = 9VCS76GRPT;
				INFOPLIST_FILE = DestroyTheWorld/Info.plist;
				LD_RUNPATH_SEARCH_PATHS = "$(inherited) @executable_path/Frameworks";
				PRODUCT_BUNDLE_IDENTIFIER = jri.DestroyTheWorld;
				PRODUCT_NAME = "$(TARGET_NAME)";
				SWIFT_VERSION = 3.0;
			};
			name = Debug;
		};
		0B697F911EC863C300367B67 /* Release */ = {
			isa = XCBuildConfiguration;
			buildSettings = {
				ASSETCATALOG_COMPILER_APPICON_NAME = AppIcon;
				DEVELOPMENT_TEAM = 9VCS76GRPT;
				INFOPLIST_FILE = DestroyTheWorld/Info.plist;
				LD_RUNPATH_SEARCH_PATHS = "$(inherited) @executable_path/Frameworks";
				PRODUCT_BUNDLE_IDENTIFIER = jri.DestroyTheWorld;
				PRODUCT_NAME = "$(TARGET_NAME)";
				SWIFT_VERSION = 3.0;
			};
			name = Release;
		};
		0B697F931EC863C300367B67 /* Debug */ = {
			isa = XCBuildConfiguration;
			buildSettings = {
				ALWAYS_EMBED_SWIFT_STANDARD_LIBRARIES = YES;
				BUNDLE_LOADER = "$(TEST_HOST)";
				DEVELOPMENT_TEAM = 9VCS76GRPT;
				INFOPLIST_FILE = DestroyTheWorldTests/Info.plist;
				LD_RUNPATH_SEARCH_PATHS = "$(inherited) @executable_path/Frameworks @loader_path/Frameworks";
				PRODUCT_BUNDLE_IDENTIFIER = jri.DestroyTheWorldTests;
				PRODUCT_NAME = "$(TARGET_NAME)";
				SWIFT_VERSION = 3.0;
				TEST_HOST = "$(BUILT_PRODUCTS_DIR)/DestroyTheWorld.app/DestroyTheWorld";
			};
			name = Debug;
		};
		0B697F941EC863C300367B67 /* Release */ = {
			isa = XCBuildConfiguration;
			buildSettings = {
				ALWAYS_EMBED_SWIFT_STANDARD_LIBRARIES = YES;
				BUNDLE_LOADER = "$(TEST_HOST)";
				DEVELOPMENT_TEAM = 9VCS76GRPT;
				INFOPLIST_FILE = DestroyTheWorldTests/Info.plist;
				LD_RUNPATH_SEARCH_PATHS = "$(inherited) @executable_path/Frameworks @loader_path/Frameworks";
				PRODUCT_BUNDLE_IDENTIFIER = jri.DestroyTheWorldTests;
				PRODUCT_NAME = "$(TARGET_NAME)";
				SWIFT_VERSION = 3.0;
				TEST_HOST = "$(BUILT_PRODUCTS_DIR)/DestroyTheWorld.app/DestroyTheWorld";
			};
			name = Release;
		};
		0B697F961EC863C300367B67 /* Debug */ = {
			isa = XCBuildConfiguration;
			buildSettings = {
				ALWAYS_EMBED_SWIFT_STANDARD_LIBRARIES = YES;
				DEVELOPMENT_TEAM = 9VCS76GRPT;
				INFOPLIST_FILE = DestroyTheWorldUITests/Info.plist;
				LD_RUNPATH_SEARCH_PATHS = "$(inherited) @executable_path/Frameworks @loader_path/Frameworks";
				PRODUCT_BUNDLE_IDENTIFIER = jri.DestroyTheWorldUITests;
				PRODUCT_NAME = "$(TARGET_NAME)";
				SWIFT_VERSION = 3.0;
				TEST_TARGET_NAME = DestroyTheWorld;
			};
			name = Debug;
		};
		0B697F971EC863C300367B67 /* Release */ = {
			isa = XCBuildConfiguration;
			buildSettings = {
				ALWAYS_EMBED_SWIFT_STANDARD_LIBRARIES = YES;
				DEVELOPMENT_TEAM = 9VCS76GRPT;
				INFOPLIST_FILE = DestroyTheWorldUITests/Info.plist;
				LD_RUNPATH_SEARCH_PATHS = "$(inherited) @executable_path/Frameworks @loader_path/Frameworks";
				PRODUCT_BUNDLE_IDENTIFIER = jri.DestroyTheWorldUITests;
				PRODUCT_NAME = "$(TARGET_NAME)";
				SWIFT_VERSION = 3.0;
				TEST_TARGET_NAME = DestroyTheWorld;
			};
			name = Release;
		};
/* End XCBuildConfiguration section */

/* Begin XCConfigurationList section */
		0B697F621EC863C300367B67 /* Build configuration list for PBXProject "DestroyTheWorld" */ = {
			isa = XCConfigurationList;
			buildConfigurations = (
				0B697F8D1EC863C300367B67 /* Debug */,
				0B697F8E1EC863C300367B67 /* Release */,
			);
			defaultConfigurationIsVisible = 0;
			defaultConfigurationName = Release;
		};
		0B697F8F1EC863C300367B67 /* Build configuration list for PBXNativeTarget "DestroyTheWorld" */ = {
			isa = XCConfigurationList;
			buildConfigurations = (
				0B697F901EC863C300367B67 /* Debug */,
				0B697F911EC863C300367B67 /* Release */,
			);
			defaultConfigurationIsVisible = 0;
		};
		0B697F921EC863C300367B67 /* Build configuration list for PBXNativeTarget "DestroyTheWorldTests" */ = {
			isa = XCConfigurationList;
			buildConfigurations = (
				0B697F931EC863C300367B67 /* Debug */,
				0B697F941EC863C300367B67 /* Release */,
			);
			defaultConfigurationIsVisible = 0;
		};
		0B697F951EC863C300367B67 /* Build configuration list for PBXNativeTarget "DestroyTheWorldUITests" */ = {
			isa = XCConfigurationList;
			buildConfigurations = (
				0B697F961EC863C300367B67 /* Debug */,
				0B697F971EC863C300367B67 /* Release */,
			);
			defaultConfigurationIsVisible = 0;
		};
/* End XCConfigurationList section */
	};
	rootObject = 0B697F5F1EC863C300367B67 /* Project object */;
}
